
Microsoft Visual Studio Solution File, Format Version 12.00
# Visual Studio 15
Project("{FAE04EC0-301F-11D3-BF4B-00C04F79EFBC}") = "api_user", "api_user\api_user.csproj", "{34F01604-5BE4-4F51-AB89-A628F38D5B5F}"
EndProject
Project("{FAE04EC0-301F-11D3-BF4B-00C04F79EFBC}") = "api_user.Tests", "api_user.Tests\api_user.Tests.csproj", "{2482C8BC-D1B2-4688-A8F4-02A50DAA4393}"
EndProject
Global
	GlobalSection(SolutionConfigurationPlatforms) = preSolution
		Debug|Any CPU = Debug|Any CPU
		Release|Any CPU = Release|Any CPU
	EndGlobalSection
	GlobalSection(ProjectConfigurationPlatforms) = postSolution
		{34F01604-5BE4-4F51-AB89-A628F38D5B5F}.Debug|Any CPU.ActiveCfg = Debug|Any CPU
		{34F01604-5BE4-4F51-AB89-A628F38D5B5F}.Debug|Any CPU.Build.0 = Debug|Any CPU
		{34F01604-5BE4-4F51-AB89-A628F38D5B5F}.Release|Any CPU.ActiveCfg = Release|Any CPU
		{34F01604-5BE4-4F51-AB89-A628F38D5B5F}.Release|Any CPU.Build.0 = Release|Any CPU
		{2482C8BC-D1B2-4688-A8F4-02A50DAA4393}.Debug|Any CPU.ActiveCfg = Debug|Any CPU
		{2482C8BC-D1B2-4688-A8F4-02A50DAA4393}.Debug|Any CPU.Build.0 = Debug|Any CPU
		{2482C8BC-D1B2-4688-A8F4-02A50DAA4393}.Release|Any CPU.ActiveCfg = Release|Any CPU
		{2482C8BC-D1B2-4688-A8F4-02A50DAA4393}.Release|Any CPU.Build.0 = Release|Any CPU
	EndGlobalSection
EndGlobal
